
Microsoft Visual Studio Solution File, Format Version 12.00
# Visual Studio 15
VisualStudioVersion = 15.0.28307.757
MinimumVisualStudioVersion = 10.0.40219.1
Project("{F2A71F9B-5D33-465A-A702-920D77279786}") = "Solver", "Solver\Solver.fsproj", "{591F4449-1570-41D3-9276-2958C1CF0CDB}"
EndProject
Project("{F2A71F9B-5D33-465A-A702-920D77279786}") = "TimeIt", "..\TimeIt\TimeIt.fsproj", "{84513854-0A2F-4948-B868-78A9AFCDC67D}"
EndProject
Global
	GlobalSection(SolutionConfigurationPlatforms) = preSolution
		Debug|Any CPU = Debug|Any CPU
		Release|Any CPU = Release|Any CPU
	EndGlobalSection
	GlobalSection(ProjectConfigurationPlatforms) = postSolution
		{591F4449-1570-41D3-9276-2958C1CF0CDB}.Debug|Any CPU.ActiveCfg = Debug|Any CPU
		{591F4449-1570-41D3-9276-2958C1CF0CDB}.Debug|Any CPU.Build.0 = Debug|Any CPU
		{591F4449-1570-41D3-9276-2958C1CF0CDB}.Release|Any CPU.ActiveCfg = Release|Any CPU
		{591F4449-1570-41D3-9276-2958C1CF0CDB}.Release|Any CPU.Build.0 = Release|Any CPU
		{84513854-0A2F-4948-B868-78A9AFCDC67D}.Debug|Any CPU.ActiveCfg = Debug|Any CPU
		{84513854-0A2F-4948-B868-78A9AFCDC67D}.Debug|Any CPU.Build.0 = Debug|Any CPU
		{84513854-0A2F-4948-B868-78A9AFCDC67D}.Release|Any CPU.ActiveCfg = Release|Any CPU
		{84513854-0A2F-4948-B868-78A9AFCDC67D}.Release|Any CPU.Build.0 = Release|Any CPU
	EndGlobalSection
	GlobalSection(SolutionProperties) = preSolution
		HideSolutionNode = FALSE
	EndGlobalSection
	GlobalSection(ExtensibilityGlobals) = postSolution
		SolutionGuid = {ADDD66C0-B83F-49B0-84A0-AE47E0C88D98}
	EndGlobalSection
EndGlobal
