
Microsoft Visual Studio Solution File, Format Version 12.00
# Visual Studio 15
VisualStudioVersion = 15.0.28307.757
MinimumVisualStudioVersion = 10.0.40219.1
Project("{F2A71F9B-5D33-465A-A702-920D77279786}") = "FSharpSPA", "FSharpSPA.fsproj", "{B319BC4A-1F33-4E3D-B7DA-CF3D63E2DAB0}"
EndProject
Global
	GlobalSection(SolutionConfigurationPlatforms) = preSolution
		Debug|Any CPU = Debug|Any CPU
		Release|Any CPU = Release|Any CPU
	EndGlobalSection
	GlobalSection(ProjectConfigurationPlatforms) = postSolution
		{B319BC4A-1F33-4E3D-B7DA-CF3D63E2DAB0}.Debug|Any CPU.ActiveCfg = Debug|Any CPU
		{B319BC4A-1F33-4E3D-B7DA-CF3D63E2DAB0}.Debug|Any CPU.Build.0 = Debug|Any CPU
		{B319BC4A-1F33-4E3D-B7DA-CF3D63E2DAB0}.Release|Any CPU.ActiveCfg = Release|Any CPU
		{B319BC4A-1F33-4E3D-B7DA-CF3D63E2DAB0}.Release|Any CPU.Build.0 = Release|Any CPU
	EndGlobalSection
	GlobalSection(SolutionProperties) = preSolution
		HideSolutionNode = FALSE
	EndGlobalSection
	GlobalSection(ExtensibilityGlobals) = postSolution
		SolutionGuid = {AD2D2083-280C-4671-98AF-8285171EDA87}
	EndGlobalSection
EndGlobal
